{
  "name": "test-format",
  "version": "0.1.0",
  "lockfileVersion": 1,
  "dependencies": {
    "equivalence": {
      "version": "0.1.0",
      "resolved": "https://registry.npmjs.org/equivalence/-/equivalence-0.1.0.tgz",
      "integrity": "sha512-PSVFzx/IEWHBYLPjiiqjJTpq8sU57681TnzWl2F7Ts/2QColQQsKnnw67g0WkG6q2ADpm5LD0RcTolO7oP+Whg=="
    }
  }
}
